
Microsoft Visual Studio Solution File, Format Version 12.00
# Visual Studio Version 18
VisualStudioVersion = 18.1.11312.151
MinimumVisualStudioVersion = 10.0.40219.1
Project("{FAE04EC0-301F-11D3-BF4B-00C04F79EFBC}") = "AgentFramework", "src\AgentFramework\AgentFramework.csproj", "{AEF9CCA9-6196-3F19-3B50-772B7E66CDE4}"
EndProject
Project("{FAE04EC0-301F-11D3-BF4B-00C04F79EFBC}") = "GoogleTools", "src\GoogleTools\GoogleTools.csproj", "{B1234567-1234-1234-1234-123456789012}"
EndProject
Project("{FAE04EC0-301F-11D3-BF4B-00C04F79EFBC}") = "PersonalAgent", "src\PersonalAgent\PersonalAgent.csproj", "{C1234567-1234-1234-1234-123456789013}"
EndProject
Project("{FAE04EC0-301F-11D3-BF4B-00C04F79EFBC}") = "GoogleApiClient", "src\GoogleApiClient\GoogleApiClient.csproj", "{D5075E6D-BD3F-40F0-93D0-A79E2A61892A}"
EndProject
Global
	GlobalSection(SolutionConfigurationPlatforms) = preSolution
		Debug|Any CPU = Debug|Any CPU
		Debug|x64 = Debug|x64
		Debug|x86 = Debug|x86
		Release|Any CPU = Release|Any CPU
		Release|x64 = Release|x64
		Release|x86 = Release|x86
	EndGlobalSection
	GlobalSection(ProjectConfigurationPlatforms) = postSolution
		{AEF9CCA9-6196-3F19-3B50-772B7E66CDE4}.Debug|Any CPU.ActiveCfg = Debug|Any CPU
		{AEF9CCA9-6196-3F19-3B50-772B7E66CDE4}.Debug|Any CPU.Build.0 = Debug|Any CPU
		{AEF9CCA9-6196-3F19-3B50-772B7E66CDE4}.Debug|x64.ActiveCfg = Debug|Any CPU
		{AEF9CCA9-6196-3F19-3B50-772B7E66CDE4}.Debug|x64.Build.0 = Debug|Any CPU
		{AEF9CCA9-6196-3F19-3B50-772B7E66CDE4}.Debug|x86.ActiveCfg = Debug|Any CPU
		{AEF9CCA9-6196-3F19-3B50-772B7E66CDE4}.Debug|x86.Build.0 = Debug|Any CPU
		{AEF9CCA9-6196-3F19-3B50-772B7E66CDE4}.Release|Any CPU.ActiveCfg = Release|Any CPU
		{AEF9CCA9-6196-3F19-3B50-772B7E66CDE4}.Release|Any CPU.Build.0 = Release|Any CPU
		{AEF9CCA9-6196-3F19-3B50-772B7E66CDE4}.Release|x64.ActiveCfg = Release|Any CPU
		{AEF9CCA9-6196-3F19-3B50-772B7E66CDE4}.Release|x64.Build.0 = Release|Any CPU
		{AEF9CCA9-6196-3F19-3B50-772B7E66CDE4}.Release|x86.ActiveCfg = Release|Any CPU
		{AEF9CCA9-6196-3F19-3B50-772B7E66CDE4}.Release|x86.Build.0 = Release|Any CPU
		{B1234567-1234-1234-1234-123456789012}.Debug|Any CPU.ActiveCfg = Debug|Any CPU
		{B1234567-1234-1234-1234-123456789012}.Debug|Any CPU.Build.0 = Debug|Any CPU
		{B1234567-1234-1234-1234-123456789012}.Debug|x64.ActiveCfg = Debug|Any CPU
		{B1234567-1234-1234-1234-123456789012}.Debug|x64.Build.0 = Debug|Any CPU
		{B1234567-1234-1234-1234-123456789012}.Debug|x86.ActiveCfg = Debug|Any CPU
		{B1234567-1234-1234-1234-123456789012}.Debug|x86.Build.0 = Debug|Any CPU
		{B1234567-1234-1234-1234-123456789012}.Release|Any CPU.ActiveCfg = Release|Any CPU
		{B1234567-1234-1234-1234-123456789012}.Release|Any CPU.Build.0 = Release|Any CPU
		{B1234567-1234-1234-1234-123456789012}.Release|x64.ActiveCfg = Release|Any CPU
		{B1234567-1234-1234-1234-123456789012}.Release|x64.Build.0 = Release|Any CPU
		{B1234567-1234-1234-1234-123456789012}.Release|x86.ActiveCfg = Release|Any CPU
		{B1234567-1234-1234-1234-123456789012}.Release|x86.Build.0 = Release|Any CPU
		{C1234567-1234-1234-1234-123456789013}.Debug|Any CPU.ActiveCfg = Debug|Any CPU
		{C1234567-1234-1234-1234-123456789013}.Debug|Any CPU.Build.0 = Debug|Any CPU
		{C1234567-1234-1234-1234-123456789013}.Debug|x64.ActiveCfg = Debug|Any CPU
		{C1234567-1234-1234-1234-123456789013}.Debug|x64.Build.0 = Debug|Any CPU
		{C1234567-1234-1234-1234-123456789013}.Debug|x86.ActiveCfg = Debug|Any CPU
		{C1234567-1234-1234-1234-123456789013}.Debug|x86.Build.0 = Debug|Any CPU
		{C1234567-1234-1234-1234-123456789013}.Release|Any CPU.ActiveCfg = Release|Any CPU
		{C1234567-1234-1234-1234-123456789013}.Release|Any CPU.Build.0 = Release|Any CPU
		{C1234567-1234-1234-1234-123456789013}.Release|x64.ActiveCfg = Release|Any CPU
		{C1234567-1234-1234-1234-123456789013}.Release|x64.Build.0 = Release|Any CPU
		{C1234567-1234-1234-1234-123456789013}.Release|x86.ActiveCfg = Release|Any CPU
		{C1234567-1234-1234-1234-123456789013}.Release|x86.Build.0 = Release|Any CPU
		{D5075E6D-BD3F-40F0-93D0-A79E2A61892A}.Debug|Any CPU.ActiveCfg = Debug|Any CPU
		{D5075E6D-BD3F-40F0-93D0-A79E2A61892A}.Debug|Any CPU.Build.0 = Debug|Any CPU
		{D5075E6D-BD3F-40F0-93D0-A79E2A61892A}.Debug|x64.ActiveCfg = Debug|Any CPU
		{D5075E6D-BD3F-40F0-93D0-A79E2A61892A}.Debug|x64.Build.0 = Debug|Any CPU
		{D5075E6D-BD3F-40F0-93D0-A79E2A61892A}.Debug|x86.ActiveCfg = Debug|Any CPU
		{D5075E6D-BD3F-40F0-93D0-A79E2A61892A}.Debug|x86.Build.0 = Debug|Any CPU
		{D5075E6D-BD3F-40F0-93D0-A79E2A61892A}.Release|Any CPU.ActiveCfg = Release|Any CPU
		{D5075E6D-BD3F-40F0-93D0-A79E2A61892A}.Release|Any CPU.Build.0 = Release|Any CPU
		{D5075E6D-BD3F-40F0-93D0-A79E2A61892A}.Release|x64.ActiveCfg = Release|Any CPU
		{D5075E6D-BD3F-40F0-93D0-A79E2A61892A}.Release|x64.Build.0 = Release|Any CPU
		{D5075E6D-BD3F-40F0-93D0-A79E2A61892A}.Release|x86.ActiveCfg = Release|Any CPU
		{D5075E6D-BD3F-40F0-93D0-A79E2A61892A}.Release|x86.Build.0 = Release|Any CPU
	EndGlobalSection
	GlobalSection(SolutionProperties) = preSolution
		HideSolutionNode = FALSE
	EndGlobalSection
	GlobalSection(ExtensibilityGlobals) = postSolution
		SolutionGuid = {C674C6D1-2023-485D-91DB-FD660D599047}
	EndGlobalSection
EndGlobal
