
Microsoft Visual Studio Solution File, Format Version 12.00
# Visual Studio Version 18
VisualStudioVersion = 18.1.11312.151
MinimumVisualStudioVersion = 10.0.40219.1
Project("{FAE04EC0-301F-11D3-BF4B-00C04F79EFBC}") = "AgentFramework", "src\AgentFramework\AgentFramework.csproj", "{AEF9CCA9-6196-3F19-3B50-772B7E66CDE4}"
EndProject
Project("{FAE04EC0-301F-11D3-BF4B-00C04F79EFBC}") = "Personal", "src\Agents\Personal\Personal.csproj", "{C1234567-1234-1234-1234-123456789013}"
EndProject
Project("{FAE04EC0-301F-11D3-BF4B-00C04F79EFBC}") = "Gmail", "src\Tools\Gmail\Gmail.csproj", "{08AD6377-55FA-4446-A5EE-9DFFBFEF688D}"
EndProject
Project("{FAE04EC0-301F-11D3-BF4B-00C04F79EFBC}") = "Weather", "src\Tools\Weather\Weather.csproj", "{EE782E12-0E8D-4D91-AD1D-605A26DC1985}"
EndProject
Project("{54A90642-561A-4BB1-A94E-469ADEE60C69}") = "Chat", "src\Chat\Chat.esproj", "{D8F7B8A1-4C2E-4D9F-A1B3-5E6F7C8D9E0F}"
EndProject
Project("{2150E333-8FDC-42A3-9474-1A3956D46DE8}") = "Tools", "Tools", "{9F5A0EBF-9793-4A00-98DA-9FF8EE2E093D}"
EndProject
Project("{2150E333-8FDC-42A3-9474-1A3956D46DE8}") = "Agents", "Agents", "{ACCB7FB4-0249-4298-87B0-BAC0215C423B}"
EndProject
Project("{FAE04EC0-301F-11D3-BF4B-00C04F79EFBC}") = "Graph", "src\Tools\Graph\Graph.csproj", "{35C4BBFC-6024-3B2B-75FB-2F85D1158772}"
EndProject
Project("{FAE04EC0-301F-11D3-BF4B-00C04F79EFBC}") = "Hotmail", "src\Tools\Hotmail\Hotmail.csproj", "{F376866C-6764-DB04-B36F-8A0798E8B096}"
EndProject
Global
	GlobalSection(SolutionConfigurationPlatforms) = preSolution
		Debug|Any CPU = Debug|Any CPU
		Debug|x64 = Debug|x64
		Debug|x86 = Debug|x86
		Release|Any CPU = Release|Any CPU
		Release|x64 = Release|x64
		Release|x86 = Release|x86
	EndGlobalSection
	GlobalSection(ProjectConfigurationPlatforms) = postSolution
		{AEF9CCA9-6196-3F19-3B50-772B7E66CDE4}.Debug|Any CPU.ActiveCfg = Debug|Any CPU
		{AEF9CCA9-6196-3F19-3B50-772B7E66CDE4}.Debug|Any CPU.Build.0 = Debug|Any CPU
		{AEF9CCA9-6196-3F19-3B50-772B7E66CDE4}.Debug|x64.ActiveCfg = Debug|Any CPU
		{AEF9CCA9-6196-3F19-3B50-772B7E66CDE4}.Debug|x64.Build.0 = Debug|Any CPU
		{AEF9CCA9-6196-3F19-3B50-772B7E66CDE4}.Debug|x86.ActiveCfg = Debug|Any CPU
		{AEF9CCA9-6196-3F19-3B50-772B7E66CDE4}.Debug|x86.Build.0 = Debug|Any CPU
		{AEF9CCA9-6196-3F19-3B50-772B7E66CDE4}.Release|Any CPU.ActiveCfg = Release|Any CPU
		{AEF9CCA9-6196-3F19-3B50-772B7E66CDE4}.Release|Any CPU.Build.0 = Release|Any CPU
		{AEF9CCA9-6196-3F19-3B50-772B7E66CDE4}.Release|x64.ActiveCfg = Release|Any CPU
		{AEF9CCA9-6196-3F19-3B50-772B7E66CDE4}.Release|x64.Build.0 = Release|Any CPU
		{AEF9CCA9-6196-3F19-3B50-772B7E66CDE4}.Release|x86.ActiveCfg = Release|Any CPU
		{AEF9CCA9-6196-3F19-3B50-772B7E66CDE4}.Release|x86.Build.0 = Release|Any CPU
		{C1234567-1234-1234-1234-123456789013}.Debug|Any CPU.ActiveCfg = Debug|Any CPU
		{C1234567-1234-1234-1234-123456789013}.Debug|Any CPU.Build.0 = Debug|Any CPU
		{C1234567-1234-1234-1234-123456789013}.Debug|x64.ActiveCfg = Debug|Any CPU
		{C1234567-1234-1234-1234-123456789013}.Debug|x64.Build.0 = Debug|Any CPU
		{C1234567-1234-1234-1234-123456789013}.Debug|x86.ActiveCfg = Debug|Any CPU
		{C1234567-1234-1234-1234-123456789013}.Debug|x86.Build.0 = Debug|Any CPU
		{C1234567-1234-1234-1234-123456789013}.Release|Any CPU.ActiveCfg = Release|Any CPU
		{C1234567-1234-1234-1234-123456789013}.Release|Any CPU.Build.0 = Release|Any CPU
		{C1234567-1234-1234-1234-123456789013}.Release|x64.ActiveCfg = Release|Any CPU
		{C1234567-1234-1234-1234-123456789013}.Release|x64.Build.0 = Release|Any CPU
		{C1234567-1234-1234-1234-123456789013}.Release|x86.ActiveCfg = Release|Any CPU
		{C1234567-1234-1234-1234-123456789013}.Release|x86.Build.0 = Release|Any CPU
		{08AD6377-55FA-4446-A5EE-9DFFBFEF688D}.Debug|Any CPU.ActiveCfg = Debug|Any CPU
		{08AD6377-55FA-4446-A5EE-9DFFBFEF688D}.Debug|Any CPU.Build.0 = Debug|Any CPU
		{08AD6377-55FA-4446-A5EE-9DFFBFEF688D}.Debug|x64.ActiveCfg = Debug|Any CPU
		{08AD6377-55FA-4446-A5EE-9DFFBFEF688D}.Debug|x64.Build.0 = Debug|Any CPU
		{08AD6377-55FA-4446-A5EE-9DFFBFEF688D}.Debug|x86.ActiveCfg = Debug|Any CPU
		{08AD6377-55FA-4446-A5EE-9DFFBFEF688D}.Debug|x86.Build.0 = Debug|Any CPU
		{08AD6377-55FA-4446-A5EE-9DFFBFEF688D}.Release|Any CPU.ActiveCfg = Release|Any CPU
		{08AD6377-55FA-4446-A5EE-9DFFBFEF688D}.Release|Any CPU.Build.0 = Release|Any CPU
		{08AD6377-55FA-4446-A5EE-9DFFBFEF688D}.Release|x64.ActiveCfg = Release|Any CPU
		{08AD6377-55FA-4446-A5EE-9DFFBFEF688D}.Release|x64.Build.0 = Release|Any CPU
		{08AD6377-55FA-4446-A5EE-9DFFBFEF688D}.Release|x86.ActiveCfg = Release|Any CPU
		{08AD6377-55FA-4446-A5EE-9DFFBFEF688D}.Release|x86.Build.0 = Release|Any CPU
		{EE782E12-0E8D-4D91-AD1D-605A26DC1985}.Debug|Any CPU.ActiveCfg = Debug|Any CPU
		{EE782E12-0E8D-4D91-AD1D-605A26DC1985}.Debug|Any CPU.Build.0 = Debug|Any CPU
		{EE782E12-0E8D-4D91-AD1D-605A26DC1985}.Debug|x64.ActiveCfg = Debug|Any CPU
		{EE782E12-0E8D-4D91-AD1D-605A26DC1985}.Debug|x64.Build.0 = Debug|Any CPU
		{EE782E12-0E8D-4D91-AD1D-605A26DC1985}.Debug|x86.ActiveCfg = Debug|Any CPU
		{EE782E12-0E8D-4D91-AD1D-605A26DC1985}.Debug|x86.Build.0 = Debug|Any CPU
		{EE782E12-0E8D-4D91-AD1D-605A26DC1985}.Release|Any CPU.ActiveCfg = Release|Any CPU
		{EE782E12-0E8D-4D91-AD1D-605A26DC1985}.Release|Any CPU.Build.0 = Release|Any CPU
		{EE782E12-0E8D-4D91-AD1D-605A26DC1985}.Release|x64.ActiveCfg = Release|Any CPU
		{EE782E12-0E8D-4D91-AD1D-605A26DC1985}.Release|x64.Build.0 = Release|Any CPU
		{EE782E12-0E8D-4D91-AD1D-605A26DC1985}.Release|x86.ActiveCfg = Release|Any CPU
		{EE782E12-0E8D-4D91-AD1D-605A26DC1985}.Release|x86.Build.0 = Release|Any CPU
		{D8F7B8A1-4C2E-4D9F-A1B3-5E6F7C8D9E0F}.Debug|Any CPU.ActiveCfg = Debug|Any CPU
		{D8F7B8A1-4C2E-4D9F-A1B3-5E6F7C8D9E0F}.Debug|Any CPU.Build.0 = Debug|Any CPU
		{D8F7B8A1-4C2E-4D9F-A1B3-5E6F7C8D9E0F}.Debug|x64.ActiveCfg = Debug|Any CPU
		{D8F7B8A1-4C2E-4D9F-A1B3-5E6F7C8D9E0F}.Debug|x64.Build.0 = Debug|Any CPU
		{D8F7B8A1-4C2E-4D9F-A1B3-5E6F7C8D9E0F}.Debug|x86.ActiveCfg = Debug|Any CPU
		{D8F7B8A1-4C2E-4D9F-A1B3-5E6F7C8D9E0F}.Debug|x86.Build.0 = Debug|Any CPU
		{D8F7B8A1-4C2E-4D9F-A1B3-5E6F7C8D9E0F}.Release|Any CPU.ActiveCfg = Release|Any CPU
		{D8F7B8A1-4C2E-4D9F-A1B3-5E6F7C8D9E0F}.Release|Any CPU.Build.0 = Release|Any CPU
		{D8F7B8A1-4C2E-4D9F-A1B3-5E6F7C8D9E0F}.Release|x64.ActiveCfg = Release|Any CPU
		{D8F7B8A1-4C2E-4D9F-A1B3-5E6F7C8D9E0F}.Release|x64.Build.0 = Release|Any CPU
		{D8F7B8A1-4C2E-4D9F-A1B3-5E6F7C8D9E0F}.Release|x86.ActiveCfg = Release|Any CPU
		{D8F7B8A1-4C2E-4D9F-A1B3-5E6F7C8D9E0F}.Release|x86.Build.0 = Release|Any CPU
		{35C4BBFC-6024-3B2B-75FB-2F85D1158772}.Debug|Any CPU.ActiveCfg = Debug|Any CPU
		{35C4BBFC-6024-3B2B-75FB-2F85D1158772}.Debug|Any CPU.Build.0 = Debug|Any CPU
		{35C4BBFC-6024-3B2B-75FB-2F85D1158772}.Debug|x64.ActiveCfg = Debug|Any CPU
		{35C4BBFC-6024-3B2B-75FB-2F85D1158772}.Debug|x64.Build.0 = Debug|Any CPU
		{35C4BBFC-6024-3B2B-75FB-2F85D1158772}.Debug|x86.ActiveCfg = Debug|Any CPU
		{35C4BBFC-6024-3B2B-75FB-2F85D1158772}.Debug|x86.Build.0 = Debug|Any CPU
		{35C4BBFC-6024-3B2B-75FB-2F85D1158772}.Release|Any CPU.ActiveCfg = Release|Any CPU
		{35C4BBFC-6024-3B2B-75FB-2F85D1158772}.Release|Any CPU.Build.0 = Release|Any CPU
		{35C4BBFC-6024-3B2B-75FB-2F85D1158772}.Release|x64.ActiveCfg = Release|Any CPU
		{35C4BBFC-6024-3B2B-75FB-2F85D1158772}.Release|x64.Build.0 = Release|Any CPU
		{35C4BBFC-6024-3B2B-75FB-2F85D1158772}.Release|x86.ActiveCfg = Release|Any CPU
		{35C4BBFC-6024-3B2B-75FB-2F85D1158772}.Release|x86.Build.0 = Release|Any CPU
		{F376866C-6764-DB04-B36F-8A0798E8B096}.Debug|Any CPU.ActiveCfg = Debug|Any CPU
		{F376866C-6764-DB04-B36F-8A0798E8B096}.Debug|Any CPU.Build.0 = Debug|Any CPU
		{F376866C-6764-DB04-B36F-8A0798E8B096}.Debug|x64.ActiveCfg = Debug|Any CPU
		{F376866C-6764-DB04-B36F-8A0798E8B096}.Debug|x64.Build.0 = Debug|Any CPU
		{F376866C-6764-DB04-B36F-8A0798E8B096}.Debug|x86.ActiveCfg = Debug|Any CPU
		{F376866C-6764-DB04-B36F-8A0798E8B096}.Debug|x86.Build.0 = Debug|Any CPU
		{F376866C-6764-DB04-B36F-8A0798E8B096}.Release|Any CPU.ActiveCfg = Release|Any CPU
		{F376866C-6764-DB04-B36F-8A0798E8B096}.Release|Any CPU.Build.0 = Release|Any CPU
		{F376866C-6764-DB04-B36F-8A0798E8B096}.Release|x64.ActiveCfg = Release|Any CPU
		{F376866C-6764-DB04-B36F-8A0798E8B096}.Release|x64.Build.0 = Release|Any CPU
		{F376866C-6764-DB04-B36F-8A0798E8B096}.Release|x86.ActiveCfg = Release|Any CPU
		{F376866C-6764-DB04-B36F-8A0798E8B096}.Release|x86.Build.0 = Release|Any CPU
	EndGlobalSection
	GlobalSection(SolutionProperties) = preSolution
		HideSolutionNode = FALSE
	EndGlobalSection
	GlobalSection(NestedProjects) = preSolution
		{C1234567-1234-1234-1234-123456789013} = {ACCB7FB4-0249-4298-87B0-BAC0215C423B}
		{08AD6377-55FA-4446-A5EE-9DFFBFEF688D} = {9F5A0EBF-9793-4A00-98DA-9FF8EE2E093D}
		{EE782E12-0E8D-4D91-AD1D-605A26DC1985} = {9F5A0EBF-9793-4A00-98DA-9FF8EE2E093D}
		{35C4BBFC-6024-3B2B-75FB-2F85D1158772} = {9F5A0EBF-9793-4A00-98DA-9FF8EE2E093D}
		{F376866C-6764-DB04-B36F-8A0798E8B096} = {9F5A0EBF-9793-4A00-98DA-9FF8EE2E093D}
	EndGlobalSection
	GlobalSection(ExtensibilityGlobals) = postSolution
		SolutionGuid = {C674C6D1-2023-485D-91DB-FD660D599047}
	EndGlobalSection
EndGlobal
